{
  "version": 4,
  "terraform_version": "0.12.26",
  "serial": 607,
  "lineage": "0c32cd66-c480-757c-8825-7a1dc0df4ff4",
  "outputs": {},
  "resources": [
    {
      "mode": "managed",
      "type": "aws_eip",
      "name": "tfip",
      "provider": "provider.aws",
      "instances": [
        {
          "schema_version": 0,
          "attributes": {
            "allocation_id": null,
            "associate_with_private_ip": null,
            "association_id": "eipassoc-01f6dc8a8e71bfa03",
            "customer_owned_ip": "",
            "customer_owned_ipv4_pool": "",
            "domain": "vpc",
            "id": "eipalloc-0f3118148168cc20f",
            "instance": "",
            "network_interface": "eni-06cfb10cc37d5ce58",
            "private_dns": "ip-192-168-1-132.ap-south-1.compute.internal",
            "private_ip": "192.168.1.132",
            "public_dns": "ec2-15-207-37-214.ap-south-1.compute.amazonaws.com",
            "public_ip": "15.207.37.214",
            "public_ipv4_pool": "amazon",
            "tags": {},
            "timeouts": null,
            "vpc": true
          },
          "private": "eyJlMmJmYjczMC1lY2FhLTExZTYtOGY4OC0zNDM2M2JjN2M0YzAiOnsiZGVsZXRlIjoxODAwMDAwMDAwMDAsInJlYWQiOjkwMDAwMDAwMDAwMCwidXBkYXRlIjozMDAwMDAwMDAwMDB9fQ==",
          "dependencies": [
            "aws_internet_gateway.gw",
            "aws_vpc.main"
          ]
        }
      ]
    },
    {
      "mode": "managed",
      "type": "aws_instance",
      "name": "mysql-os",
      "provider": "provider.aws",
      "instances": [
        {
          "schema_version": 1,
          "attributes": {
            "ami": "ami-0019ac6129392a0f2",
            "arn": "arn:aws:ec2:ap-south-1:262324478358:instance/i-0643c18f736c9d792",
            "associate_public_ip_address": false,
            "availability_zone": "ap-south-1a",
            "cpu_core_count": 1,
            "cpu_threads_per_core": 1,
            "credit_specification": [
              {
                "cpu_credits": "standard"
              }
            ],
            "disable_api_termination": false,
            "ebs_block_device": [],
            "ebs_optimized": false,
            "ephemeral_block_device": [],
            "get_password_data": false,
            "hibernation": false,
            "host_id": null,
            "iam_instance_profile": "",
            "id": "i-0643c18f736c9d792",
            "instance_initiated_shutdown_behavior": null,
            "instance_state": "running",
            "instance_type": "t2.micro",
            "ipv6_address_count": 0,
            "ipv6_addresses": [],
            "key_name": "keywithtf",
            "metadata_options": [
              {
                "http_endpoint": "enabled",
                "http_put_response_hop_limit": 1,
                "http_tokens": "optional"
              }
            ],
            "monitoring": false,
            "network_interface": [],
            "network_interface_id": null,
            "outpost_arn": "",
            "password_data": "",
            "placement_group": "",
            "primary_network_interface_id": "eni-0d83b4cec6916d1b5",
            "private_dns": "ip-192-168-2-164.ap-south-1.compute.internal",
            "private_ip": "192.168.2.164",
            "public_dns": "",
            "public_ip": "",
            "root_block_device": [
              {
                "delete_on_termination": true,
                "device_name": "/dev/xvda",
                "encrypted": false,
                "iops": 100,
                "kms_key_id": "",
                "volume_id": "vol-0dcfc3ceb76b842f8",
                "volume_size": 10,
                "volume_type": "gp2"
              }
            ],
            "security_groups": [],
            "source_dest_check": true,
            "subnet_id": "subnet-036a6e6faa1a18d1e",
            "tags": {
              "Name": "fayazOS-mysql"
            },
            "tenancy": "default",
            "timeouts": null,
            "user_data": null,
            "user_data_base64": null,
            "volume_tags": {},
            "vpc_security_group_ids": [
              "sg-0e576b7a7c3651faa"
            ]
          },
          "private": "eyJlMmJmYjczMC1lY2FhLTExZTYtOGY4OC0zNDM2M2JjN2M0YzAiOnsiY3JlYXRlIjo2MDAwMDAwMDAwMDAsImRlbGV0ZSI6MTIwMDAwMDAwMDAwMCwidXBkYXRlIjo2MDAwMDAwMDAwMDB9LCJzY2hlbWFfdmVyc2lvbiI6IjEifQ==",
          "dependencies": [
            "aws_security_group.fayaz_grp",
            "aws_subnet.subnet2",
            "aws_vpc.main"
          ]
        }
      ]
    },
    {
      "mode": "managed",
      "type": "aws_instance",
      "name": "web",
      "provider": "provider.aws",
      "instances": [
        {
          "schema_version": 1,
          "attributes": {
            "ami": "ami-000cbce3e1b899ebd",
            "arn": "arn:aws:ec2:ap-south-1:262324478358:instance/i-060c6665025697f12",
            "associate_public_ip_address": true,
            "availability_zone": "ap-south-1a",
            "cpu_core_count": 1,
            "cpu_threads_per_core": 1,
            "credit_specification": [
              {
                "cpu_credits": "standard"
              }
            ],
            "disable_api_termination": false,
            "ebs_block_device": [],
            "ebs_optimized": false,
            "ephemeral_block_device": [],
            "get_password_data": false,
            "hibernation": false,
            "host_id": null,
            "iam_instance_profile": "",
            "id": "i-060c6665025697f12",
            "instance_initiated_shutdown_behavior": null,
            "instance_state": "running",
            "instance_type": "t2.micro",
            "ipv6_address_count": 0,
            "ipv6_addresses": [],
            "key_name": "keywithtf",
            "metadata_options": [
              {
                "http_endpoint": "enabled",
                "http_put_response_hop_limit": 1,
                "http_tokens": "optional"
              }
            ],
            "monitoring": false,
            "network_interface": [],
            "network_interface_id": null,
            "outpost_arn": "",
            "password_data": "",
            "placement_group": "",
            "primary_network_interface_id": "eni-0f86772bff4ffffdf",
            "private_dns": "ip-192-168-1-232.ap-south-1.compute.internal",
            "private_ip": "192.168.1.232",
            "public_dns": "",
            "public_ip": "35.154.233.79",
            "root_block_device": [
              {
                "delete_on_termination": true,
                "device_name": "/dev/xvda",
                "encrypted": false,
                "iops": 100,
                "kms_key_id": "",
                "volume_id": "vol-0f11a397e021fc2d3",
                "volume_size": 10,
                "volume_type": "gp2"
              }
            ],
            "security_groups": [],
            "source_dest_check": true,
            "subnet_id": "subnet-037f05ddb01db7af6",
            "tags": {
              "Name": "fayazOS"
            },
            "tenancy": "default",
            "timeouts": null,
            "user_data": null,
            "user_data_base64": null,
            "volume_tags": {},
            "vpc_security_group_ids": [
              "sg-0e576b7a7c3651faa"
            ]
          },
          "private": "eyJlMmJmYjczMC1lY2FhLTExZTYtOGY4OC0zNDM2M2JjN2M0YzAiOnsiY3JlYXRlIjo2MDAwMDAwMDAwMDAsImRlbGV0ZSI6MTIwMDAwMDAwMDAwMCwidXBkYXRlIjo2MDAwMDAwMDAwMDB9LCJzY2hlbWFfdmVyc2lvbiI6IjEifQ==",
          "dependencies": [
            "aws_security_group.fayaz_grp",
            "aws_subnet.subnet1"
          ]
        }
      ]
    },
    {
      "mode": "managed",
      "type": "aws_internet_gateway",
      "name": "gw",
      "provider": "provider.aws",
      "instances": [
        {
          "schema_version": 0,
          "attributes": {
            "arn": "arn:aws:ec2:ap-south-1:262324478358:internet-gateway/igw-042fad56ea9cc70af",
            "id": "igw-042fad56ea9cc70af",
            "owner_id": "262324478358",
            "tags": {
              "Name": "fayaz-int-gw"
            },
            "vpc_id": "vpc-014459d2ee1fa0215"
          },
          "private": "bnVsbA==",
          "dependencies": [
            "aws_vpc.main"
          ]
        }
      ]
    },
    {
      "mode": "managed",
      "type": "aws_key_pair",
      "name": "deployer",
      "provider": "provider.aws",
      "instances": [
        {
          "schema_version": 1,
          "attributes": {
            "arn": "arn:aws:ec2:ap-south-1:262324478358:key-pair/keywithtf",
            "fingerprint": "df:23:fb:0a:a5:9f:b7:51:5f:db:c5:24:49:27:11:2e",
            "id": "keywithtf",
            "key_name": "keywithtf",
            "key_name_prefix": null,
            "key_pair_id": "key-025626db9965b49b5",
            "public_key": "ssh-rsa AAAAB3NzaC1yc2EAAAADAQABAAACAQDK43tWzy1pgzQpI12TLRuPBSVDN/Nox1grdFlXvvT9ntjiwF8stxrptUSuXtmhH8iGof0p0mLiYWocvY9aOMHKf12osiy9BOomQT0MtCWNcyIAxYMc5V9qsctSygu/JOrYONTqUQILOUw7PoGfugpBH1y02IkUD9Y9JtxAxBAYjvH6HIoWXBN9mhUgf+3MFdZq/XtcoqI9a9FLRckTox8WKtgJBBuSE3yJSR2vRAE6ar5i7YmzK1R7WdWjJ/fRcShBWoZ0TtzDU/6yhL+2IP4o4sUWHwAMznMKgzQBFn53ZXOxB+EVErNxhoSf69DWAEgqMchi8nRIuHMnNXovbrYEjeqXmDhWaAxxhQr960mIsrIoidrHvWxvdoBLdymSlL7NsuxXjr9k2WeRp1MKr8hW8oVTsgYfoGmGqbzZH+SJMF1BTha0q9g0ABBc33mFwExUXQPyeBjjPDcfclhF+sxgurF2lUANz5Nee75cvfUWV057ucGk+FtuENHwnvnIbkl6eSfEA348FcGBlnzS3xxgyLqSGfZqvtBP85SyGThrt2TPS8tWgjFNLLIR4O6jRg4PZ4OIFLiXzx+BYuYA1QRPHNKQ2BtxI+zy3qDeKddKua9i4mf6whOCziyexRivcj9r/Ta6ywLG8yW2VZbWWAlLIEjLfC6eRbi8k1q3flo8Gw==",
            "tags": {}
          },
          "private": "eyJzY2hlbWFfdmVyc2lvbiI6IjEifQ==",
          "dependencies": [
            "tls_private_key.key-pair"
          ]
        }
      ]
    },
    {
      "mode": "managed",
      "type": "aws_nat_gateway",
      "name": "nat-gw",
      "provider": "provider.aws",
      "instances": [
        {
          "schema_version": 0,
          "attributes": {
            "allocation_id": "eipalloc-0f3118148168cc20f",
            "id": "nat-0165e9196befdc73a",
            "network_interface_id": "eni-06cfb10cc37d5ce58",
            "private_ip": "192.168.1.132",
            "public_ip": "15.207.37.214",
            "subnet_id": "subnet-037f05ddb01db7af6",
            "tags": {}
          },
          "private": "bnVsbA==",
          "dependencies": [
            "aws_eip.tfip",
            "aws_internet_gateway.gw",
            "aws_subnet.subnet1",
            "aws_vpc.main"
          ]
        }
      ]
    },
    {
      "mode": "managed",
      "type": "aws_route_table",
      "name": "rt",
      "provider": "provider.aws",
      "instances": [
        {
          "schema_version": 0,
          "attributes": {
            "id": "rtb-04ab0981c4f41aaab",
            "owner_id": "262324478358",
            "propagating_vgws": [],
            "route": [
              {
                "cidr_block": "0.0.0.0/0",
                "egress_only_gateway_id": "",
                "gateway_id": "igw-042fad56ea9cc70af",
                "instance_id": "",
                "ipv6_cidr_block": "",
                "nat_gateway_id": "",
                "network_interface_id": "",
                "transit_gateway_id": "",
                "vpc_peering_connection_id": ""
              }
            ],
            "tags": {
              "Name": "fayaz-public"
            },
            "vpc_id": "vpc-014459d2ee1fa0215"
          },
          "private": "bnVsbA==",
          "dependencies": [
            "aws_internet_gateway.gw",
            "aws_vpc.main"
          ]
        }
      ]
    },
    {
      "mode": "managed",
      "type": "aws_route_table",
      "name": "rt2",
      "provider": "provider.aws",
      "instances": [
        {
          "schema_version": 0,
          "attributes": {
            "id": "rtb-0126f49febb4d9602",
            "owner_id": "262324478358",
            "propagating_vgws": [],
            "route": [
              {
                "cidr_block": "0.0.0.0/0",
                "egress_only_gateway_id": "",
                "gateway_id": "",
                "instance_id": "",
                "ipv6_cidr_block": "",
                "nat_gateway_id": "nat-0165e9196befdc73a",
                "network_interface_id": "",
                "transit_gateway_id": "",
                "vpc_peering_connection_id": ""
              }
            ],
            "tags": {
              "Name": "fayaz-private"
            },
            "vpc_id": "vpc-014459d2ee1fa0215"
          },
          "private": "bnVsbA==",
          "dependencies": [
            "aws_eip.tfip",
            "aws_internet_gateway.gw",
            "aws_nat_gateway.nat-gw",
            "aws_subnet.subnet1",
            "aws_vpc.main"
          ]
        }
      ]
    },
    {
      "mode": "managed",
      "type": "aws_route_table_association",
      "name": "subnet_association",
      "provider": "provider.aws",
      "instances": [
        {
          "schema_version": 0,
          "attributes": {
            "gateway_id": null,
            "id": "rtbassoc-052c0fb3b31041cf9",
            "route_table_id": "rtb-04ab0981c4f41aaab",
            "subnet_id": "subnet-037f05ddb01db7af6"
          },
          "private": "bnVsbA==",
          "dependencies": [
            "aws_internet_gateway.gw",
            "aws_route_table.rt",
            "aws_subnet.subnet1",
            "aws_vpc.main"
          ]
        }
      ]
    },
    {
      "mode": "managed",
      "type": "aws_route_table_association",
      "name": "subnet_association2",
      "provider": "provider.aws",
      "instances": [
        {
          "schema_version": 0,
          "attributes": {
            "gateway_id": null,
            "id": "rtbassoc-00e974c43d16094a6",
            "route_table_id": "rtb-0126f49febb4d9602",
            "subnet_id": "subnet-036a6e6faa1a18d1e"
          },
          "private": "bnVsbA==",
          "dependencies": [
            "aws_eip.tfip",
            "aws_internet_gateway.gw",
            "aws_nat_gateway.nat-gw",
            "aws_route_table.rt2",
            "aws_subnet.subnet1",
            "aws_subnet.subnet2",
            "aws_vpc.main"
          ]
        }
      ]
    },
    {
      "mode": "managed",
      "type": "aws_security_group",
      "name": "fayaz_grp",
      "provider": "provider.aws",
      "instances": [
        {
          "schema_version": 1,
          "attributes": {
            "arn": "arn:aws:ec2:ap-south-1:262324478358:security-group/sg-0e576b7a7c3651faa",
            "description": "allow ssh and httpd and mysql",
            "egress": [
              {
                "cidr_blocks": [
                  "0.0.0.0/0"
                ],
                "description": "",
                "from_port": 0,
                "ipv6_cidr_blocks": [],
                "prefix_list_ids": [],
                "protocol": "-1",
                "security_groups": [],
                "self": false,
                "to_port": 0
              }
            ],
            "id": "sg-0e576b7a7c3651faa",
            "ingress": [
              {
                "cidr_blocks": [
                  "0.0.0.0/0"
                ],
                "description": "HTTPD Port",
                "from_port": 3306,
                "ipv6_cidr_blocks": [],
                "prefix_list_ids": [],
                "protocol": "tcp",
                "security_groups": [],
                "self": false,
                "to_port": 3306
              },
              {
                "cidr_blocks": [
                  "0.0.0.0/0"
                ],
                "description": "HTTPD Port",
                "from_port": 80,
                "ipv6_cidr_blocks": [],
                "prefix_list_ids": [],
                "protocol": "tcp",
                "security_groups": [],
                "self": false,
                "to_port": 80
              },
              {
                "cidr_blocks": [
                  "0.0.0.0/0"
                ],
                "description": "Icmp",
                "from_port": 0,
                "ipv6_cidr_blocks": [],
                "prefix_list_ids": [],
                "protocol": "-1",
                "security_groups": [],
                "self": false,
                "to_port": 0
              },
              {
                "cidr_blocks": [
                  "0.0.0.0/0"
                ],
                "description": "SSH Port",
                "from_port": 22,
                "ipv6_cidr_blocks": [],
                "prefix_list_ids": [],
                "protocol": "tcp",
                "security_groups": [],
                "self": false,
                "to_port": 22
              }
            ],
            "name": "fayaz_grp",
            "name_prefix": null,
            "owner_id": "262324478358",
            "revoke_rules_on_delete": false,
            "tags": {
              "Name": "fayaz_sec_grp"
            },
            "timeouts": null,
            "vpc_id": "vpc-014459d2ee1fa0215"
          },
          "private": "eyJlMmJmYjczMC1lY2FhLTExZTYtOGY4OC0zNDM2M2JjN2M0YzAiOnsiY3JlYXRlIjo2MDAwMDAwMDAwMDAsImRlbGV0ZSI6NjAwMDAwMDAwMDAwfSwic2NoZW1hX3ZlcnNpb24iOiIxIn0=",
          "dependencies": [
            "aws_vpc.main"
          ]
        }
      ]
    },
    {
      "mode": "managed",
      "type": "aws_subnet",
      "name": "subnet1",
      "provider": "provider.aws",
      "instances": [
        {
          "schema_version": 1,
          "attributes": {
            "arn": "arn:aws:ec2:ap-south-1:262324478358:subnet/subnet-037f05ddb01db7af6",
            "assign_ipv6_address_on_creation": false,
            "availability_zone": "ap-south-1a",
            "availability_zone_id": "aps1-az1",
            "cidr_block": "192.168.1.0/24",
            "id": "subnet-037f05ddb01db7af6",
            "ipv6_cidr_block": "",
            "ipv6_cidr_block_association_id": "",
            "map_public_ip_on_launch": true,
            "outpost_arn": "",
            "owner_id": "262324478358",
            "tags": {
              "Name": "fayaz-pub-1a"
            },
            "timeouts": null,
            "vpc_id": "vpc-014459d2ee1fa0215"
          },
          "private": "eyJlMmJmYjczMC1lY2FhLTExZTYtOGY4OC0zNDM2M2JjN2M0YzAiOnsiY3JlYXRlIjo2MDAwMDAwMDAwMDAsImRlbGV0ZSI6MTIwMDAwMDAwMDAwMH0sInNjaGVtYV92ZXJzaW9uIjoiMSJ9",
          "dependencies": [
            "aws_vpc.main"
          ]
        }
      ]
    },
    {
      "mode": "managed",
      "type": "aws_subnet",
      "name": "subnet2",
      "provider": "provider.aws",
      "instances": [
        {
          "schema_version": 1,
          "attributes": {
            "arn": "arn:aws:ec2:ap-south-1:262324478358:subnet/subnet-036a6e6faa1a18d1e",
            "assign_ipv6_address_on_creation": false,
            "availability_zone": "ap-south-1a",
            "availability_zone_id": "aps1-az1",
            "cidr_block": "192.168.2.0/24",
            "id": "subnet-036a6e6faa1a18d1e",
            "ipv6_cidr_block": "",
            "ipv6_cidr_block_association_id": "",
            "map_public_ip_on_launch": false,
            "outpost_arn": "",
            "owner_id": "262324478358",
            "tags": {
              "Name": "fayaz-prvt-1b"
            },
            "timeouts": null,
            "vpc_id": "vpc-014459d2ee1fa0215"
          },
          "private": "eyJlMmJmYjczMC1lY2FhLTExZTYtOGY4OC0zNDM2M2JjN2M0YzAiOnsiY3JlYXRlIjo2MDAwMDAwMDAwMDAsImRlbGV0ZSI6MTIwMDAwMDAwMDAwMH0sInNjaGVtYV92ZXJzaW9uIjoiMSJ9",
          "dependencies": [
            "aws_vpc.main"
          ]
        }
      ]
    },
    {
      "mode": "managed",
      "type": "aws_vpc",
      "name": "main",
      "provider": "provider.aws",
      "instances": [
        {
          "schema_version": 1,
          "attributes": {
            "arn": "arn:aws:ec2:ap-south-1:262324478358:vpc/vpc-014459d2ee1fa0215",
            "assign_generated_ipv6_cidr_block": false,
            "cidr_block": "192.168.0.0/16",
            "default_network_acl_id": "acl-0ee2b0833a953d773",
            "default_route_table_id": "rtb-00f2b3fe6740dd9af",
            "default_security_group_id": "sg-006761ed3c3a9ba2a",
            "dhcp_options_id": "dopt-7dd23116",
            "enable_classiclink": null,
            "enable_classiclink_dns_support": null,
            "enable_dns_hostnames": false,
            "enable_dns_support": true,
            "id": "vpc-014459d2ee1fa0215",
            "instance_tenancy": "default",
            "ipv6_association_id": "",
            "ipv6_cidr_block": "",
            "main_route_table_id": "rtb-00f2b3fe6740dd9af",
            "owner_id": "262324478358",
            "tags": {
              "Name": "fayaz-vpc"
            }
          },
          "private": "eyJzY2hlbWFfdmVyc2lvbiI6IjEifQ=="
        }
      ]
    },
    {
      "mode": "managed",
      "type": "local_file",
      "name": "private-key",
      "provider": "provider.local",
      "instances": [
        {
          "schema_version": 0,
          "attributes": {
            "content": "-----BEGIN RSA PRIVATE KEY-----\nMIIJKgIBAAKCAgEAyuN7Vs8taYM0KSNdky0bjwUlQzfzaMdYK3RZV770/Z7Y4sBf\nLLca6bVErl7ZoR/IhqH9KdJi4mFqHL2PWjjByn9dqLIsvQTqJkE9DLQljXMiAMWD\nHOVfarHLUsoLvyTq2DjU6lECCzlMOz6Bn7oKQR9ctNiJFA/WPSbcQMQQGI7x+hyK\nFlwTfZoVIH/tzBXWav17XKKiPWvRS0XJE6MfFirYCQQbkhN8iUkdr0QBOmq+Yu2J\nsytUe1nVoyf30XEoQVqGdE7cw1P+soS/tiD+KOLFFh8ADM5zCoM0ARZ+d2VzsQfh\nFRKzcYaEn+vQ1gBIKjHIYvJ0SLhzJzV6L262BI3ql5g4VmgMcYUK/etJiLKyKIna\nx71sb3aAS3cpkpS+zbLsV46/ZNlnkadTCq/IVvKFU7IGH6Bphqm82R/kiTBdQU4W\ntKvYNAAQXN95hcBMVF0D8ngY4zw3H3JYRfrMYLqxdpVADc+TXnu+XL31FldOe7nB\npPhbbhDR8J75yG5JenknxAN+PBXBgZZ80t8cYMi6khn2ar7QT/OUshk4a7dkz0vL\nVoIxTSyyEeDuo0YOD2eDiBS4l88fgWLmANUETxzSkNgbcSPs8t6g3inXSrmvYuJn\n+sITgs4snsUYr3I/a/02ussCxvMltlWW1lgJSyBIy3wunkW4vJNat35aPBsCAwEA\nAQKCAgBSNWiVnS7+cN5iyOSyrPVcty4JFZO4YgW03dkRt9tXJNUm0+H8oVjzV7Kz\noNU390PuYZbOKmRM7EHt0VVTrmm/nmoZ39BG6sXhqE+PZTNOJFejzmQ5AivudIo5\nSosF8XSDFkwXgal9WMMtwj8NtHlRN979nDu2+E/LyYI3b/pBqTIdMRE2zCpNm3By\nEcQODM8r3PfuaiupDZXplSZLoa4H8mZFCPgO8XxluE2h5cFFpVjthuhjw+vga18o\nVBqTL/GqwX53hDjpoJA0T5vKtYWmlXRcaUVA6yosGUuqIS4vPNlq4xFt030IRARb\nNFcTT1vuVOuoRCugB7UJLx8KNybi6egrokaidxpx/0dXYVQrSolWWGSVNRRjJvlG\nTgB1CKWp2ovx7LRTLPSIT//kSHTOGTTG4sDbExluSX1p0ce7c0Yic4NAUM+QPdQg\n+dIB16pyQKsRi2f52Z4xYNS/FmQeb8ESdt7ZFycA8gDreDDB/8pvwAwykxvsUwOo\nxOpMoxdoptV017AxshtqZngSwzC5yfNFtiBp3kts4vLehL8+98YJ5+2Yq8FZC/VI\nN6gPm6WCf0qEHzP/2/O0FQqGpz35IBbL+kbeYFsbg5IZw4mk7d5XSs2dGO+2jFfA\nBoxwZGxBxgqN92eof9GijyQzmmEckX/TETKV4fEfiPzbJybSwQKCAQEAzgSvl1W6\nXsIj64T+jrSncgBBsYckxsOKu8QE/OJr8w5lkmVsEzXsDMUV4zIslzi4Pbg207Ep\nIcAutE8EVFni39XpaFDjgNZ/dDTOTCCnJwy7WQyAClr5fNbNgd0h9O+WntThtrXR\nh6y4LyNtLi+j9XgC9dD68nfs16N4Wr7cC990asPmFCzIY6fAhgagmc0sNwcEpj2v\nTv2unzNdMWmBiAmWPNxBIFqOgYZquzRtGS7TepUeQm/cogVS76dNRmOzgTw6q0lp\nUGLmE7Jp4nmlQgkA0Pt1zxXqxTvFd+e8GhQ6mhpEWMtxbpnWKEfGxJorfmdZLyLU\nB8JWad7N8E3EoQKCAQEA/Bxq1pceR7tV4ikMYRt0FogSxObtDZG0xlada+WUlDlz\nDC2bX93iVGwPnYbA/3nWRfKkT4CvAJH7MyjBR/brHilpBbHh5zAVpmTd2Uw+b8rE\nUaVFOuS99I1XM+oI39HPjo7PgKi3/G9tHMzIFU621UlhNZTOAe5sUtqetO9gSW0G\nN78J/WvzGZRJui97ZmjjMqqA5XyEuwPLWS73Qz1i8x+NVbLzZYCDe8QB81qRJQYL\neZWLYdthPdyH7MZzS/LTts/5ymwz4+ngYfOZVIfWduU3qxegkEPx0yUJyiobQcIc\nap4sfFKn4Wawa7aXWtuFN3dqjz18PxIyggR1CBsLOwKCAQEAy04wgeWlz5FCpU9P\nbkC05Xl/WtQE5OlfZUBhs7U11lwkvD2+U47o7QkpOlXvTyQ4HSBHaszvzFC9Rk6b\n9SnnDAErHziD6kbC7EiYNOQcUBruX0hIqu9wOVQ45aj1s6MkPoXSYN44ce1urYYG\nXofBA6J1OWQL4W+bmInHYbXrrQPM/PdpfAtdjYqkIR81KdIhigQxAGTrNcZ+prin\nhPWbUEY1rsWkt2rmKsgdV7S63RkqtVOm0uVVE8axO7McPRRytlxbgWEmvp96cYGl\noEtvXCVKWvFsJvp3/j+n9VYIeKvx0NWPERljTUQe5Q1ACBAkT89pYWy7VRTg9gVb\nsYLtQQKCAQEAhHRprVS4E/fYp3nphxtlYnEba1foM7jZwVrAWm/EIBwO1dcgSr3I\nq5IaoiiqPY9FhHp22U5Co4oO8FH5OlYAMViQVO2gQlaBCWr1I7VrGFDv0/WA6fBD\n3LhlmGDdSLpy0fM2EeKSx43DRd5RQOCaLnTfHceQdHNPdjhmKamabPlayu8T0JFm\np4nBMpC/xI5Wz8fE8Mz670aPD8wdHLajxhhNqTjbp/hdHCle3Pw4RbtnS/nFwSQB\ncv7qavvYl458rQ+XrUIsARJfURcq975mbxD+rmU7dpA7/TL4cb6tk17ojxuLQ8Yp\nbcMF7ZGA87thwkJ7OcaUAI8O+kBdPGT5AQKCAQEArja5XolGrzUwO8/o1AMDNrFq\nh+TkDBazzVuckDUlJWCZLL3sL4Xm9pX8EPxzuFWT0cGP4HOFOJu5R2CJY0lIZPZc\nHKpHS3tABazX9nHVJ4dszm2fpy+SlCmc2LUKRE/jDv6mMwHecz7z/rgHXZtoVr/v\nTfkg9czf0Xzf+87fXuboYIlS9syU4wkPxhQum9fpQVb6Xk+mLPPucAgQUv/e6ydL\nUYZTzCaeyTEC1xPE2DhCxCBQgdyHWpEhETBJ1U7knEpzcMsu98ehWBnnR4pHE4VE\nZ/Q6t67cxLBw1gyUgko0QchhTWlVs7S5K0AAqcI6NPs0MtjjPsHAuzIWD12UjA==\n-----END RSA PRIVATE KEY-----\n",
            "content_base64": null,
            "directory_permission": "0777",
            "file_permission": "0400",
            "filename": "keywithtf.pem",
            "id": "39fe1a7f39ce543881be17817f0c75dc0b6e487e",
            "sensitive_content": null
          },
          "private": "bnVsbA==",
          "dependencies": [
            "tls_private_key.key-pair"
          ]
        }
      ]
    },
    {
      "mode": "managed",
      "type": "tls_private_key",
      "name": "key-pair",
      "provider": "provider.tls",
      "instances": [
        {
          "schema_version": 0,
          "attributes": {
            "algorithm": "RSA",
            "ecdsa_curve": "P224",
            "id": "21082e81ad1649bc73cad8599c9b1eefb154c3bd",
            "private_key_pem": "-----BEGIN RSA PRIVATE KEY-----\nMIIJKgIBAAKCAgEAyuN7Vs8taYM0KSNdky0bjwUlQzfzaMdYK3RZV770/Z7Y4sBf\nLLca6bVErl7ZoR/IhqH9KdJi4mFqHL2PWjjByn9dqLIsvQTqJkE9DLQljXMiAMWD\nHOVfarHLUsoLvyTq2DjU6lECCzlMOz6Bn7oKQR9ctNiJFA/WPSbcQMQQGI7x+hyK\nFlwTfZoVIH/tzBXWav17XKKiPWvRS0XJE6MfFirYCQQbkhN8iUkdr0QBOmq+Yu2J\nsytUe1nVoyf30XEoQVqGdE7cw1P+soS/tiD+KOLFFh8ADM5zCoM0ARZ+d2VzsQfh\nFRKzcYaEn+vQ1gBIKjHIYvJ0SLhzJzV6L262BI3ql5g4VmgMcYUK/etJiLKyKIna\nx71sb3aAS3cpkpS+zbLsV46/ZNlnkadTCq/IVvKFU7IGH6Bphqm82R/kiTBdQU4W\ntKvYNAAQXN95hcBMVF0D8ngY4zw3H3JYRfrMYLqxdpVADc+TXnu+XL31FldOe7nB\npPhbbhDR8J75yG5JenknxAN+PBXBgZZ80t8cYMi6khn2ar7QT/OUshk4a7dkz0vL\nVoIxTSyyEeDuo0YOD2eDiBS4l88fgWLmANUETxzSkNgbcSPs8t6g3inXSrmvYuJn\n+sITgs4snsUYr3I/a/02ussCxvMltlWW1lgJSyBIy3wunkW4vJNat35aPBsCAwEA\nAQKCAgBSNWiVnS7+cN5iyOSyrPVcty4JFZO4YgW03dkRt9tXJNUm0+H8oVjzV7Kz\noNU390PuYZbOKmRM7EHt0VVTrmm/nmoZ39BG6sXhqE+PZTNOJFejzmQ5AivudIo5\nSosF8XSDFkwXgal9WMMtwj8NtHlRN979nDu2+E/LyYI3b/pBqTIdMRE2zCpNm3By\nEcQODM8r3PfuaiupDZXplSZLoa4H8mZFCPgO8XxluE2h5cFFpVjthuhjw+vga18o\nVBqTL/GqwX53hDjpoJA0T5vKtYWmlXRcaUVA6yosGUuqIS4vPNlq4xFt030IRARb\nNFcTT1vuVOuoRCugB7UJLx8KNybi6egrokaidxpx/0dXYVQrSolWWGSVNRRjJvlG\nTgB1CKWp2ovx7LRTLPSIT//kSHTOGTTG4sDbExluSX1p0ce7c0Yic4NAUM+QPdQg\n+dIB16pyQKsRi2f52Z4xYNS/FmQeb8ESdt7ZFycA8gDreDDB/8pvwAwykxvsUwOo\nxOpMoxdoptV017AxshtqZngSwzC5yfNFtiBp3kts4vLehL8+98YJ5+2Yq8FZC/VI\nN6gPm6WCf0qEHzP/2/O0FQqGpz35IBbL+kbeYFsbg5IZw4mk7d5XSs2dGO+2jFfA\nBoxwZGxBxgqN92eof9GijyQzmmEckX/TETKV4fEfiPzbJybSwQKCAQEAzgSvl1W6\nXsIj64T+jrSncgBBsYckxsOKu8QE/OJr8w5lkmVsEzXsDMUV4zIslzi4Pbg207Ep\nIcAutE8EVFni39XpaFDjgNZ/dDTOTCCnJwy7WQyAClr5fNbNgd0h9O+WntThtrXR\nh6y4LyNtLi+j9XgC9dD68nfs16N4Wr7cC990asPmFCzIY6fAhgagmc0sNwcEpj2v\nTv2unzNdMWmBiAmWPNxBIFqOgYZquzRtGS7TepUeQm/cogVS76dNRmOzgTw6q0lp\nUGLmE7Jp4nmlQgkA0Pt1zxXqxTvFd+e8GhQ6mhpEWMtxbpnWKEfGxJorfmdZLyLU\nB8JWad7N8E3EoQKCAQEA/Bxq1pceR7tV4ikMYRt0FogSxObtDZG0xlada+WUlDlz\nDC2bX93iVGwPnYbA/3nWRfKkT4CvAJH7MyjBR/brHilpBbHh5zAVpmTd2Uw+b8rE\nUaVFOuS99I1XM+oI39HPjo7PgKi3/G9tHMzIFU621UlhNZTOAe5sUtqetO9gSW0G\nN78J/WvzGZRJui97ZmjjMqqA5XyEuwPLWS73Qz1i8x+NVbLzZYCDe8QB81qRJQYL\neZWLYdthPdyH7MZzS/LTts/5ymwz4+ngYfOZVIfWduU3qxegkEPx0yUJyiobQcIc\nap4sfFKn4Wawa7aXWtuFN3dqjz18PxIyggR1CBsLOwKCAQEAy04wgeWlz5FCpU9P\nbkC05Xl/WtQE5OlfZUBhs7U11lwkvD2+U47o7QkpOlXvTyQ4HSBHaszvzFC9Rk6b\n9SnnDAErHziD6kbC7EiYNOQcUBruX0hIqu9wOVQ45aj1s6MkPoXSYN44ce1urYYG\nXofBA6J1OWQL4W+bmInHYbXrrQPM/PdpfAtdjYqkIR81KdIhigQxAGTrNcZ+prin\nhPWbUEY1rsWkt2rmKsgdV7S63RkqtVOm0uVVE8axO7McPRRytlxbgWEmvp96cYGl\noEtvXCVKWvFsJvp3/j+n9VYIeKvx0NWPERljTUQe5Q1ACBAkT89pYWy7VRTg9gVb\nsYLtQQKCAQEAhHRprVS4E/fYp3nphxtlYnEba1foM7jZwVrAWm/EIBwO1dcgSr3I\nq5IaoiiqPY9FhHp22U5Co4oO8FH5OlYAMViQVO2gQlaBCWr1I7VrGFDv0/WA6fBD\n3LhlmGDdSLpy0fM2EeKSx43DRd5RQOCaLnTfHceQdHNPdjhmKamabPlayu8T0JFm\np4nBMpC/xI5Wz8fE8Mz670aPD8wdHLajxhhNqTjbp/hdHCle3Pw4RbtnS/nFwSQB\ncv7qavvYl458rQ+XrUIsARJfURcq975mbxD+rmU7dpA7/TL4cb6tk17ojxuLQ8Yp\nbcMF7ZGA87thwkJ7OcaUAI8O+kBdPGT5AQKCAQEArja5XolGrzUwO8/o1AMDNrFq\nh+TkDBazzVuckDUlJWCZLL3sL4Xm9pX8EPxzuFWT0cGP4HOFOJu5R2CJY0lIZPZc\nHKpHS3tABazX9nHVJ4dszm2fpy+SlCmc2LUKRE/jDv6mMwHecz7z/rgHXZtoVr/v\nTfkg9czf0Xzf+87fXuboYIlS9syU4wkPxhQum9fpQVb6Xk+mLPPucAgQUv/e6ydL\nUYZTzCaeyTEC1xPE2DhCxCBQgdyHWpEhETBJ1U7knEpzcMsu98ehWBnnR4pHE4VE\nZ/Q6t67cxLBw1gyUgko0QchhTWlVs7S5K0AAqcI6NPs0MtjjPsHAuzIWD12UjA==\n-----END RSA PRIVATE KEY-----\n",
            "public_key_fingerprint_md5": "c6:98:06:85:d7:00:38:27:0a:3a:af:8e:c3:61:ad:44",
            "public_key_openssh": "ssh-rsa AAAAB3NzaC1yc2EAAAADAQABAAACAQDK43tWzy1pgzQpI12TLRuPBSVDN/Nox1grdFlXvvT9ntjiwF8stxrptUSuXtmhH8iGof0p0mLiYWocvY9aOMHKf12osiy9BOomQT0MtCWNcyIAxYMc5V9qsctSygu/JOrYONTqUQILOUw7PoGfugpBH1y02IkUD9Y9JtxAxBAYjvH6HIoWXBN9mhUgf+3MFdZq/XtcoqI9a9FLRckTox8WKtgJBBuSE3yJSR2vRAE6ar5i7YmzK1R7WdWjJ/fRcShBWoZ0TtzDU/6yhL+2IP4o4sUWHwAMznMKgzQBFn53ZXOxB+EVErNxhoSf69DWAEgqMchi8nRIuHMnNXovbrYEjeqXmDhWaAxxhQr960mIsrIoidrHvWxvdoBLdymSlL7NsuxXjr9k2WeRp1MKr8hW8oVTsgYfoGmGqbzZH+SJMF1BTha0q9g0ABBc33mFwExUXQPyeBjjPDcfclhF+sxgurF2lUANz5Nee75cvfUWV057ucGk+FtuENHwnvnIbkl6eSfEA348FcGBlnzS3xxgyLqSGfZqvtBP85SyGThrt2TPS8tWgjFNLLIR4O6jRg4PZ4OIFLiXzx+BYuYA1QRPHNKQ2BtxI+zy3qDeKddKua9i4mf6whOCziyexRivcj9r/Ta6ywLG8yW2VZbWWAlLIEjLfC6eRbi8k1q3flo8Gw==\n",
            "public_key_pem": "-----BEGIN PUBLIC KEY-----\nMIICIjANBgkqhkiG9w0BAQEFAAOCAg8AMIICCgKCAgEAyuN7Vs8taYM0KSNdky0b\njwUlQzfzaMdYK3RZV770/Z7Y4sBfLLca6bVErl7ZoR/IhqH9KdJi4mFqHL2PWjjB\nyn9dqLIsvQTqJkE9DLQljXMiAMWDHOVfarHLUsoLvyTq2DjU6lECCzlMOz6Bn7oK\nQR9ctNiJFA/WPSbcQMQQGI7x+hyKFlwTfZoVIH/tzBXWav17XKKiPWvRS0XJE6Mf\nFirYCQQbkhN8iUkdr0QBOmq+Yu2JsytUe1nVoyf30XEoQVqGdE7cw1P+soS/tiD+\nKOLFFh8ADM5zCoM0ARZ+d2VzsQfhFRKzcYaEn+vQ1gBIKjHIYvJ0SLhzJzV6L262\nBI3ql5g4VmgMcYUK/etJiLKyKInax71sb3aAS3cpkpS+zbLsV46/ZNlnkadTCq/I\nVvKFU7IGH6Bphqm82R/kiTBdQU4WtKvYNAAQXN95hcBMVF0D8ngY4zw3H3JYRfrM\nYLqxdpVADc+TXnu+XL31FldOe7nBpPhbbhDR8J75yG5JenknxAN+PBXBgZZ80t8c\nYMi6khn2ar7QT/OUshk4a7dkz0vLVoIxTSyyEeDuo0YOD2eDiBS4l88fgWLmANUE\nTxzSkNgbcSPs8t6g3inXSrmvYuJn+sITgs4snsUYr3I/a/02ussCxvMltlWW1lgJ\nSyBIy3wunkW4vJNat35aPBsCAwEAAQ==\n-----END PUBLIC KEY-----\n",
            "rsa_bits": 4096
          },
          "private": "bnVsbA=="
        }
      ]
    }
  ]
}
